
Microsoft Visual Studio Solution File, Format Version 12.00
# Visual Studio for Mac
Project("{FAE04EC0-301F-11D3-BF4B-00C04F79EFBC}") = "1980s remade", "Assembly-CSharp.csproj", "{A9185431-A80E-AB59-FBA7-1961F74CF9F9}"
EndProject
Project("{FAE04EC0-301F-11D3-BF4B-00C04F79EFBC}") = "1980s remade", "Assembly-CSharp-firstpass.csproj", "{98052ACB-0B61-A22A-131B-2AB67404618F}"
EndProject
Project("{FAE04EC0-301F-11D3-BF4B-00C04F79EFBC}") = "1980s remade", "Assembly-CSharp-Editor-firstpass.csproj", "{C8A3620E-FE3E-2B26-072A-B9BB4A9F3508}"
EndProject
Global
	GlobalSection(SolutionConfigurationPlatforms) = preSolution
		Debug|Any CPU = Debug|Any CPU
		Release|Any CPU = Release|Any CPU
	EndGlobalSection
	GlobalSection(ProjectConfigurationPlatforms) = postSolution
		{A9185431-A80E-AB59-FBA7-1961F74CF9F9}.Debug|Any CPU.ActiveCfg = Debug|Any CPU
		{A9185431-A80E-AB59-FBA7-1961F74CF9F9}.Debug|Any CPU.Build.0 = Debug|Any CPU
		{A9185431-A80E-AB59-FBA7-1961F74CF9F9}.Release|Any CPU.ActiveCfg = Release|Any CPU
		{A9185431-A80E-AB59-FBA7-1961F74CF9F9}.Release|Any CPU.Build.0 = Release|Any CPU
		{98052ACB-0B61-A22A-131B-2AB67404618F}.Debug|Any CPU.ActiveCfg = Debug|Any CPU
		{98052ACB-0B61-A22A-131B-2AB67404618F}.Debug|Any CPU.Build.0 = Debug|Any CPU
		{98052ACB-0B61-A22A-131B-2AB67404618F}.Release|Any CPU.ActiveCfg = Release|Any CPU
		{98052ACB-0B61-A22A-131B-2AB67404618F}.Release|Any CPU.Build.0 = Release|Any CPU
		{C8A3620E-FE3E-2B26-072A-B9BB4A9F3508}.Debug|Any CPU.ActiveCfg = Debug|Any CPU
		{C8A3620E-FE3E-2B26-072A-B9BB4A9F3508}.Debug|Any CPU.Build.0 = Debug|Any CPU
		{C8A3620E-FE3E-2B26-072A-B9BB4A9F3508}.Release|Any CPU.ActiveCfg = Release|Any CPU
		{C8A3620E-FE3E-2B26-072A-B9BB4A9F3508}.Release|Any CPU.Build.0 = Release|Any CPU
	EndGlobalSection
	GlobalSection(SolutionProperties) = preSolution
		HideSolutionNode = FALSE
	EndGlobalSection
EndGlobal
